// !$*UTF8*$!
{
	archiveVersion = 1;
	classes = {
	};
	objectVersion = 55;
	objects = {

/* Begin PBXBuildFile section */
		0730FEBC27875D6D00788363 /* AppDelegate.swift in Sources */ = {isa = PBXBuildFile; fileRef = 0730FEBB27875D6D00788363 /* AppDelegate.swift */; };
		0730FEBE27875D6D00788363 /* SceneDelegate.swift in Sources */ = {isa = PBXBuildFile; fileRef = 0730FEBD27875D6D00788363 /* SceneDelegate.swift */; };
		0730FEC027875D6D00788363 /* ViewController.swift in Sources */ = {isa = PBXBuildFile; fileRef = 0730FEBF27875D6D00788363 /* ViewController.swift */; };
		0730FEC327875D6D00788363 /* Main.storyboard in Resources */ = {isa = PBXBuildFile; fileRef = 0730FEC127875D6D00788363 /* Main.storyboard */; };
		0730FEC527875D6E00788363 /* Assets.xcassets in Resources */ = {isa = PBXBuildFile; fileRef = 0730FEC427875D6E00788363 /* Assets.xcassets */; };
		0730FEC827875D6E00788363 /* LaunchScreen.storyboard in Resources */ = {isa = PBXBuildFile; fileRef = 0730FEC627875D6E00788363 /* LaunchScreen.storyboard */; };
		0730FED0278791F800788363 /* Networking.swift in Sources */ = {isa = PBXBuildFile; fileRef = 0730FECF278791F800788363 /* Networking.swift */; };
		073A010D278B39420072DD24 /* CoreDataModel.xcdatamodeld in Sources */ = {isa = PBXBuildFile; fileRef = 073A010B278B39420072DD24 /* CoreDataModel.xcdatamodeld */; };
		078282BA278E290F00BD5A10 /* Image+CoreDataClass.swift in Sources */ = {isa = PBXBuildFile; fileRef = 078282B8278E290F00BD5A10 /* Image+CoreDataClass.swift */; };
		078282BB278E290F00BD5A10 /* Image+CoreDataProperties.swift in Sources */ = {isa = PBXBuildFile; fileRef = 078282B9278E290F00BD5A10 /* Image+CoreDataProperties.swift */; };
/* End PBXBuildFile section */

/* Begin PBXFileReference section */
		0730FEB827875D6D00788363 /* Freeform Exercise.app */ = {isa = PBXFileReference; explicitFileType = wrapper.application; includeInIndex = 0; path = "Freeform Exercise.app"; sourceTree = BUILT_PRODUCTS_DIR; };
		0730FEBB27875D6D00788363 /* AppDelegate.swift */ = {isa = PBXFileReference; lastKnownFileType = sourcecode.swift; path = AppDelegate.swift; sourceTree = "<group>"; };
		0730FEBD27875D6D00788363 /* SceneDelegate.swift */ = {isa = PBXFileReference; lastKnownFileType = sourcecode.swift; path = SceneDelegate.swift; sourceTree = "<group>"; };
		0730FEBF27875D6D00788363 /* ViewController.swift */ = {isa = PBXFileReference; lastKnownFileType = sourcecode.swift; path = ViewController.swift; sourceTree = "<group>"; };
		0730FEC227875D6D00788363 /* Base */ = {isa = PBXFileReference; lastKnownFileType = file.storyboard; name = Base; path = Base.lproj/Main.storyboard; sourceTree = "<group>"; };
		0730FEC427875D6E00788363 /* Assets.xcassets */ = {isa = PBXFileReference; lastKnownFileType = folder.assetcatalog; path = Assets.xcassets; sourceTree = "<group>"; };
		0730FEC727875D6E00788363 /* Base */ = {isa = PBXFileReference; lastKnownFileType = file.storyboard; name = Base; path = Base.lproj/LaunchScreen.storyboard; sourceTree = "<group>"; };
		0730FEC927875D6E00788363 /* Info.plist */ = {isa = PBXFileReference; lastKnownFileType = text.plist.xml; path = Info.plist; sourceTree = "<group>"; };
		0730FECF278791F800788363 /* Networking.swift */ = {isa = PBXFileReference; lastKnownFileType = sourcecode.swift; path = Networking.swift; sourceTree = "<group>"; };
		073A010C278B39420072DD24 /* CoreDataModel.xcdatamodel */ = {isa = PBXFileReference; lastKnownFileType = wrapper.xcdatamodel; path = CoreDataModel.xcdatamodel; sourceTree = "<group>"; };
		078282B8278E290F00BD5A10 /* Image+CoreDataClass.swift */ = {isa = PBXFileReference; lastKnownFileType = sourcecode.swift; path = "Image+CoreDataClass.swift"; sourceTree = "<group>"; };
		078282B9278E290F00BD5A10 /* Image+CoreDataProperties.swift */ = {isa = PBXFileReference; lastKnownFileType = sourcecode.swift; path = "Image+CoreDataProperties.swift"; sourceTree = "<group>"; };
/* End PBXFileReference section */

/* Begin PBXFrameworksBuildPhase section */
		0730FEB527875D6D00788363 /* Frameworks */ = {
			isa = PBXFrameworksBuildPhase;
			buildActionMask = 2147483647;
			files = (
			);
			runOnlyForDeploymentPostprocessing = 0;
		};
/* End PBXFrameworksBuildPhase section */

/* Begin PBXGroup section */
		0730FEAF27875D6D00788363 = {
			isa = PBXGroup;
			children = (
				0730FEBA27875D6D00788363 /* Freeform Exercise */,
				0730FEB927875D6D00788363 /* Products */,
			);
			sourceTree = "<group>";
		};
		0730FEB927875D6D00788363 /* Products */ = {
			isa = PBXGroup;
			children = (
				0730FEB827875D6D00788363 /* Freeform Exercise.app */,
			);
			name = Products;
			sourceTree = "<group>";
		};
		0730FEBA27875D6D00788363 /* Freeform Exercise */ = {
			isa = PBXGroup;
			children = (
				078282BC278E291400BD5A10 /* Model */,
				0730FEBB27875D6D00788363 /* AppDelegate.swift */,
				0730FEBD27875D6D00788363 /* SceneDelegate.swift */,
				0730FEBF27875D6D00788363 /* ViewController.swift */,
				0730FEC127875D6D00788363 /* Main.storyboard */,
				0730FEC427875D6E00788363 /* Assets.xcassets */,
				0730FEC627875D6E00788363 /* LaunchScreen.storyboard */,
				0730FEC927875D6E00788363 /* Info.plist */,
				0730FECF278791F800788363 /* Networking.swift */,
				073A010B278B39420072DD24 /* CoreDataModel.xcdatamodeld */,
			);
			path = "Freeform Exercise";
			sourceTree = "<group>";
		};
		078282BC278E291400BD5A10 /* Model */ = {
			isa = PBXGroup;
			children = (
				078282B8278E290F00BD5A10 /* Image+CoreDataClass.swift */,
				078282B9278E290F00BD5A10 /* Image+CoreDataProperties.swift */,
			);
			path = Model;
			sourceTree = "<group>";
		};
/* End PBXGroup section */

/* Begin PBXNativeTarget section */
		0730FEB727875D6D00788363 /* Freeform Exercise */ = {
			isa = PBXNativeTarget;
			buildConfigurationList = 0730FECC27875D6E00788363 /* Build configuration list for PBXNativeTarget "Freeform Exercise" */;
			buildPhases = (
				0730FEB427875D6D00788363 /* Sources */,
				0730FEB527875D6D00788363 /* Frameworks */,
				0730FEB627875D6D00788363 /* Resources */,
			);
			buildRules = (
			);
			dependencies = (
			);
			name = "Freeform Exercise";
			productName = "Freeform Exercise";
			productReference = 0730FEB827875D6D00788363 /* Freeform Exercise.app */;
			productType = "com.apple.product-type.application";
		};
/* End PBXNativeTarget section */

/* Begin PBXProject section */
		0730FEB027875D6D00788363 /* Project object */ = {
			isa = PBXProject;
			attributes = {
				BuildIndependentTargetsInParallel = 1;
				LastSwiftUpdateCheck = 1320;
				LastUpgradeCheck = 1320;
				TargetAttributes = {
					0730FEB727875D6D00788363 = {
						CreatedOnToolsVersion = 13.2;
					};
				};
			};
			buildConfigurationList = 0730FEB327875D6D00788363 /* Build configuration list for PBXProject "Freeform Exercise" */;
			compatibilityVersion = "Xcode 13.0";
			developmentRegion = en;
			hasScannedForEncodings = 0;
			knownRegions = (
				en,
				Base,
			);
			mainGroup = 0730FEAF27875D6D00788363;
			productRefGroup = 0730FEB927875D6D00788363 /* Products */;
			projectDirPath = "";
			projectRoot = "";
			targets = (
				0730FEB727875D6D00788363 /* Freeform Exercise */,
			);
		};
/* End PBXProject section */

/* Begin PBXResourcesBuildPhase section */
		0730FEB627875D6D00788363 /* Resources */ = {
			isa = PBXResourcesBuildPhase;
			buildActionMask = 2147483647;
			files = (
				0730FEC827875D6E00788363 /* LaunchScreen.storyboard in Resources */,
				0730FEC527875D6E00788363 /* Assets.xcassets in Resources */,
				0730FEC327875D6D00788363 /* Main.storyboard in Resources */,
			);
			runOnlyForDeploymentPostprocessing = 0;
		};
/* End PBXResourcesBuildPhase section */

/* Begin PBXSourcesBuildPhase section */
		0730FEB427875D6D00788363 /* Sources */ = {
			isa = PBXSourcesBuildPhase;
			buildActionMask = 2147483647;
			files = (
				0730FEC027875D6D00788363 /* ViewController.swift in Sources */,
				0730FEBC27875D6D00788363 /* AppDelegate.swift in Sources */,
				0730FEBE27875D6D00788363 /* SceneDelegate.swift in Sources */,
				078282BA278E290F00BD5A10 /* Image+CoreDataClass.swift in Sources */,
				0730FED0278791F800788363 /* Networking.swift in Sources */,
				073A010D278B39420072DD24 /* CoreDataModel.xcdatamodeld in Sources */,
				078282BB278E290F00BD5A10 /* Image+CoreDataProperties.swift in Sources */,
			);
			runOnlyForDeploymentPostprocessing = 0;
		};
/* End PBXSourcesBuildPhase section */

/* Begin PBXVariantGroup section */
		0730FEC127875D6D00788363 /* Main.storyboard */ = {
			isa = PBXVariantGroup;
			children = (
				0730FEC227875D6D00788363 /* Base */,
			);
			name = Main.storyboard;
			sourceTree = "<group>";
		};
		0730FEC627875D6E00788363 /* LaunchScreen.storyboard */ = {
			isa = PBXVariantGroup;
			children = (
				0730FEC727875D6E00788363 /* Base */,
			);
			name = LaunchScreen.storyboard;
			sourceTree = "<group>";
		};
/* End PBXVariantGroup section */

/* Begin XCBuildConfiguration section */
		0730FECA27875D6E00788363 /* Debug */ = {
			isa = XCBuildConfiguration;
			buildSettings = {
				ALWAYS_SEARCH_USER_PATHS = NO;
				CLANG_ANALYZER_NONNULL = YES;
				CLANG_ANALYZER_NUMBER_OBJECT_CONVERSION = YES_AGGRESSIVE;
				CLANG_CXX_LANGUAGE_STANDARD = "gnu++17";
				CLANG_CXX_LIBRARY = "libc++";
				CLANG_ENABLE_MODULES = YES;
				CLANG_ENABLE_OBJC_ARC = YES;
				CLANG_ENABLE_OBJC_WEAK = YES;
				CLANG_WARN_BLOCK_CAPTURE_AUTORELEASING = YES;
				CLANG_WARN_BOOL_CONVERSION = YES;
				CLANG_WARN_COMMA = YES;
				CLANG_WARN_CONSTANT_CONVERSION = YES;
				CLANG_WARN_DEPRECATED_OBJC_IMPLEMENTATIONS = YES;
				CLANG_WARN_DIRECT_OBJC_ISA_USAGE = YES_ERROR;
				CLANG_WARN_DOCUMENTATION_COMMENTS = YES;
				CLANG_WARN_EMPTY_BODY = YES;
				CLANG_WARN_ENUM_CONVERSION = YES;
				CLANG_WARN_INFINITE_RECURSION = YES;
				CLANG_WARN_INT_CONVERSION = YES;
				CLANG_WARN_NON_LITERAL_NULL_CONVERSION = YES;
				CLANG_WARN_OBJC_IMPLICIT_RETAIN_SELF = YES;
				CLANG_WARN_OBJC_LITERAL_CONVERSION = YES;
				CLANG_WARN_OBJC_ROOT_CLASS = YES_ERROR;
				CLANG_WARN_QUOTED_INCLUDE_IN_FRAMEWORK_HEADER = YES;
				CLANG_WARN_RANGE_LOOP_ANALYSIS = YES;
				CLANG_WARN_STRICT_PROTOTYPES = YES;
				CLANG_WARN_SUSPICIOUS_MOVE = YES;
				CLANG_WARN_UNGUARDED_AVAILABILITY = YES_AGGRESSIVE;
				CLANG_WARN_UNREACHABLE_CODE = YES;
				CLANG_WARN__DUPLICATE_METHOD_MATCH = YES;
				COPY_PHASE_STRIP = NO;
				DEBUG_INFORMATION_FORMAT = dwarf;
				ENABLE_STRICT_OBJC_MSGSEND = YES;
				ENABLE_TESTABILITY = YES;
				GCC_C_LANGUAGE_STANDARD = gnu11;
				GCC_DYNAMIC_NO_PIC = NO;
				GCC_NO_COMMON_BLOCKS = YES;
				GCC_OPTIMIZATION_LEVEL = 0;
				GCC_PREPROCESSOR_DEFINITIONS = (
					"DEBUG=1",
					"$(inherited)",
				);
				GCC_WARN_64_TO_32_BIT_CONVERSION = YES;
				GCC_WARN_ABOUT_RETURN_TYPE = YES_ERROR;
				GCC_WARN_UNDECLARED_SELECTOR = YES;
				GCC_WARN_UNINITIALIZED_AUTOS = YES_AGGRESSIVE;
				GCC_WARN_UNUSED_FUNCTION = YES;
				GCC_WARN_UNUSED_VARIABLE = YES;
				IPHONEOS_DEPLOYMENT_TARGET = 15.2;
				MTL_ENABLE_DEBUG_INFO = INCLUDE_SOURCE;
				MTL_FAST_MATH = YES;
				ONLY_ACTIVE_ARCH = YES;
				SDKROOT = iphoneos;
				SWIFT_ACTIVE_COMPILATION_CONDITIONS = DEBUG;
				SWIFT_OPTIMIZATION_LEVEL = "-Onone";
			};
			name = Debug;
		};
		0730FECB27875D6E00788363 /* Release */ = {
			isa = XCBuildConfiguration;
			buildSettings = {
				ALWAYS_SEARCH_USER_PATHS = NO;
				CLANG_ANALYZER_NONNULL = YES;
				CLANG_ANALYZER_NUMBER_OBJECT_CONVERSION = YES_AGGRESSIVE;
				CLANG_CXX_LANGUAGE_STANDARD = "gnu++17";
				CLANG_CXX_LIBRARY = "libc++";
				CLANG_ENABLE_MODULES = YES;
				CLANG_ENABLE_OBJC_ARC = YES;
				CLANG_ENABLE_OBJC_WEAK = YES;
				CLANG_WARN_BLOCK_CAPTURE_AUTORELEASING = YES;
				CLANG_WARN_BOOL_CONVERSION = YES;
				CLANG_WARN_COMMA = YES;
				CLANG_WARN_CONSTANT_CONVERSION = YES;
				CLANG_WARN_DEPRECATED_OBJC_IMPLEMENTATIONS = YES;
				CLANG_WARN_DIRECT_OBJC_ISA_USAGE = YES_ERROR;
				CLANG_WARN_DOCUMENTATION_COMMENTS = YES;
				CLANG_WARN_EMPTY_BODY = YES;
				CLANG_WARN_ENUM_CONVERSION = YES;
				CLANG_WARN_INFINITE_RECURSION = YES;
				CLANG_WARN_INT_CONVERSION = YES;
				CLANG_WARN_NON_LITERAL_NULL_CONVERSION = YES;
				CLANG_WARN_OBJC_IMPLICIT_RETAIN_SELF = YES;
				CLANG_WARN_OBJC_LITERAL_CONVERSION = YES;
				CLANG_WARN_OBJC_ROOT_CLASS = YES_ERROR;
				CLANG_WARN_QUOTED_INCLUDE_IN_FRAMEWORK_HEADER = YES;
				CLANG_WARN_RANGE_LOOP_ANALYSIS = YES;
				CLANG_WARN_STRICT_PROTOTYPES = YES;
				CLANG_WARN_SUSPICIOUS_MOVE = YES;
				CLANG_WARN_UNGUARDED_AVAILABILITY = YES_AGGRESSIVE;
				CLANG_WARN_UNREACHABLE_CODE = YES;
				CLANG_WARN__DUPLICATE_METHOD_MATCH = YES;
				COPY_PHASE_STRIP = NO;
				DEBUG_INFORMATION_FORMAT = "dwarf-with-dsym";
				ENABLE_NS_ASSERTIONS = NO;
				ENABLE_STRICT_OBJC_MSGSEND = YES;
				GCC_C_LANGUAGE_STANDARD = gnu11;
				GCC_NO_COMMON_BLOCKS = YES;
				GCC_WARN_64_TO_32_BIT_CONVERSION = YES;
				GCC_WARN_ABOUT_RETURN_TYPE = YES_ERROR;
				GCC_WARN_UNDECLARED_SELECTOR = YES;
				GCC_WARN_UNINITIALIZED_AUTOS = YES_AGGRESSIVE;
				GCC_WARN_UNUSED_FUNCTION = YES;
				GCC_WARN_UNUSED_VARIABLE = YES;
				IPHONEOS_DEPLOYMENT_TARGET = 15.2;
				MTL_ENABLE_DEBUG_INFO = NO;
				MTL_FAST_MATH = YES;
				SDKROOT = iphoneos;
				SWIFT_COMPILATION_MODE = wholemodule;
				SWIFT_OPTIMIZATION_LEVEL = "-O";
				VALIDATE_PRODUCT = YES;
			};
			name = Release;
		};
		0730FECD27875D6E00788363 /* Debug */ = {
			isa = XCBuildConfiguration;
			buildSettings = {
				ASSETCATALOG_COMPILER_APPICON_NAME = AppIcon;
				ASSETCATALOG_COMPILER_GLOBAL_ACCENT_COLOR_NAME = AccentColor;
				CODE_SIGN_STYLE = Automatic;
				CURRENT_PROJECT_VERSION = 1;
				DEVELOPMENT_TEAM = HN6RJ3SLK2;
				GENERATE_INFOPLIST_FILE = YES;
				INFOPLIST_FILE = "Freeform Exercise/Info.plist";
				INFOPLIST_KEY_UIApplicationSupportsIndirectInputEvents = YES;
				INFOPLIST_KEY_UILaunchStoryboardName = LaunchScreen;
				INFOPLIST_KEY_UIMainStoryboardFile = Main;
				INFOPLIST_KEY_UISupportedInterfaceOrientations_iPad = "UIInterfaceOrientationPortrait UIInterfaceOrientationPortraitUpsideDown UIInterfaceOrientationLandscapeLeft UIInterfaceOrientationLandscapeRight";
				INFOPLIST_KEY_UISupportedInterfaceOrientations_iPhone = "UIInterfaceOrientationPortrait UIInterfaceOrientationLandscapeLeft UIInterfaceOrientationLandscapeRight";
				LD_RUNPATH_SEARCH_PATHS = (
					"$(inherited)",
					"@executable_path/Frameworks",
				);
				MARKETING_VERSION = 1.0;
				PRODUCT_BUNDLE_IDENTIFIER = "mirimus.Freeform-Exercise";
				PRODUCT_NAME = "$(TARGET_NAME)";
				SWIFT_EMIT_LOC_STRINGS = YES;
				SWIFT_VERSION = 5.0;
				TARGETED_DEVICE_FAMILY = "1,2";
			};
			name = Debug;
		};
		0730FECE27875D6E00788363 /* Release */ = {
			isa = XCBuildConfiguration;
			buildSettings = {
				ASSETCATALOG_COMPILER_APPICON_NAME = AppIcon;
				ASSETCATALOG_COMPILER_GLOBAL_ACCENT_COLOR_NAME = AccentColor;
				CODE_SIGN_STYLE = Automatic;
				CURRENT_PROJECT_VERSION = 1;
				DEVELOPMENT_TEAM = HN6RJ3SLK2;
				GENERATE_INFOPLIST_FILE = YES;
				INFOPLIST_FILE = "Freeform Exercise/Info.plist";
				INFOPLIST_KEY_UIApplicationSupportsIndirectInputEvents = YES;
				INFOPLIST_KEY_UILaunchStoryboardName = LaunchScreen;
				INFOPLIST_KEY_UIMainStoryboardFile = Main;
				INFOPLIST_KEY_UISupportedInterfaceOrientations_iPad = "UIInterfaceOrientationPortrait UIInterfaceOrientationPortraitUpsideDown UIInterfaceOrientationLandscapeLeft UIInterfaceOrientationLandscapeRight";
				INFOPLIST_KEY_UISupportedInterfaceOrientations_iPhone = "UIInterfaceOrientationPortrait UIInterfaceOrientationLandscapeLeft UIInterfaceOrientationLandscapeRight";
				LD_RUNPATH_SEARCH_PATHS = (
					"$(inherited)",
					"@executable_path/Frameworks",
				);
				MARKETING_VERSION = 1.0;
				PRODUCT_BUNDLE_IDENTIFIER = "mirimus.Freeform-Exercise";
				PRODUCT_NAME = "$(TARGET_NAME)";
				SWIFT_EMIT_LOC_STRINGS = YES;
				SWIFT_VERSION = 5.0;
				TARGETED_DEVICE_FAMILY = "1,2";
			};
			name = Release;
		};
/* End XCBuildConfiguration section */

/* Begin XCConfigurationList section */
		0730FEB327875D6D00788363 /* Build configuration list for PBXProject "Freeform Exercise" */ = {
			isa = XCConfigurationList;
			buildConfigurations = (
				0730FECA27875D6E00788363 /* Debug */,
				0730FECB27875D6E00788363 /* Release */,
			);
			defaultConfigurationIsVisible = 0;
			defaultConfigurationName = Release;
		};
		0730FECC27875D6E00788363 /* Build configuration list for PBXNativeTarget "Freeform Exercise" */ = {
			isa = XCConfigurationList;
			buildConfigurations = (
				0730FECD27875D6E00788363 /* Debug */,
				0730FECE27875D6E00788363 /* Release */,
			);
			defaultConfigurationIsVisible = 0;
			defaultConfigurationName = Release;
		};
/* End XCConfigurationList section */

/* Begin XCVersionGroup section */
		073A010B278B39420072DD24 /* CoreDataModel.xcdatamodeld */ = {
			isa = XCVersionGroup;
			children = (
				073A010C278B39420072DD24 /* CoreDataModel.xcdatamodel */,
			);
			currentVersion = 073A010C278B39420072DD24 /* CoreDataModel.xcdatamodel */;
			path = CoreDataModel.xcdatamodeld;
			sourceTree = "<group>";
			versionGroupType = wrapper.xcdatamodel;
		};
/* End XCVersionGroup section */
	};
	rootObject = 0730FEB027875D6D00788363 /* Project object */;
}
